// !$*UTF8*$!
{
	archiveVersion = 1;
	classes = {
	};
	objectVersion = 45;
	objects = {

/* Begin PBXAggregateTarget section */
		24416B8111C4CA220047AFDD /* Build & Test */ = {
			isa = PBXAggregateTarget;
			buildConfigurationList = 24416B8A11C4CA520047AFDD /* Build configuration list for PBXAggregateTarget "Build & Test" */;
			buildPhases = (
				24416B8011C4CA220047AFDD /* ShellScript */,
			);
			dependencies = (
				24416B8511C4CA280047AFDD /* PBXTargetDependency */,
			);
			name = "Build & Test";
			productName = "Build & test";
		};
/* End PBXAggregateTarget section */

/* Begin PBXBuildFile section */
		24DD6CF91134B3F500162E58 /* ComSalsarhythmsoftwareZlsoundModule.h in Headers */ = {isa = PBXBuildFile; fileRef = 24DD6CF71134B3F500162E58 /* ComSalsarhythmsoftwareZlsoundModule.h */; };
		24DD6CFA1134B3F500162E58 /* ComSalsarhythmsoftwareZlsoundModule.m in Sources */ = {isa = PBXBuildFile; fileRef = 24DD6CF81134B3F500162E58 /* ComSalsarhythmsoftwareZlsoundModule.m */; };
		24DE9E1111C5FE74003F90F6 /* ComSalsarhythmsoftwareZlsoundModuleAssets.h in Headers */ = {isa = PBXBuildFile; fileRef = 24DE9E0F11C5FE74003F90F6 /* ComSalsarhythmsoftwareZlsoundModuleAssets.h */; };
		24DE9E1211C5FE74003F90F6 /* ComSalsarhythmsoftwareZlsoundModuleAssets.m in Sources */ = {isa = PBXBuildFile; fileRef = 24DE9E1011C5FE74003F90F6 /* ComSalsarhythmsoftwareZlsoundModuleAssets.m */; };
		6F22B7761435211B0097D505 /* OALAction.h in Headers */ = {isa = PBXBuildFile; fileRef = 6F22B7361435211B0097D505 /* OALAction.h */; };
		6F22B7771435211B0097D505 /* OALAction.m in Sources */ = {isa = PBXBuildFile; fileRef = 6F22B7371435211B0097D505 /* OALAction.m */; };
		6F22B7781435211B0097D505 /* OALActionManager.h in Headers */ = {isa = PBXBuildFile; fileRef = 6F22B7381435211B0097D505 /* OALActionManager.h */; };
		6F22B7791435211B0097D505 /* OALActionManager.m in Sources */ = {isa = PBXBuildFile; fileRef = 6F22B7391435211B0097D505 /* OALActionManager.m */; };
		6F22B77A1435211B0097D505 /* OALAudioActions.h in Headers */ = {isa = PBXBuildFile; fileRef = 6F22B73A1435211B0097D505 /* OALAudioActions.h */; };
		6F22B77B1435211B0097D505 /* OALAudioActions.m in Sources */ = {isa = PBXBuildFile; fileRef = 6F22B73B1435211B0097D505 /* OALAudioActions.m */; };
		6F22B77C1435211B0097D505 /* OALFunction.h in Headers */ = {isa = PBXBuildFile; fileRef = 6F22B73C1435211B0097D505 /* OALFunction.h */; };
		6F22B77D1435211B0097D505 /* OALFunction.m in Sources */ = {isa = PBXBuildFile; fileRef = 6F22B73D1435211B0097D505 /* OALFunction.m */; };
		6F22B77E1435211B0097D505 /* OALUtilityActions.h in Headers */ = {isa = PBXBuildFile; fileRef = 6F22B73E1435211B0097D505 /* OALUtilityActions.h */; };
		6F22B77F1435211B0097D505 /* OALUtilityActions.m in Sources */ = {isa = PBXBuildFile; fileRef = 6F22B73F1435211B0097D505 /* OALUtilityActions.m */; };
		6F22B7801435211B0097D505 /* OALAudioTrack.h in Headers */ = {isa = PBXBuildFile; fileRef = 6F22B7411435211B0097D505 /* OALAudioTrack.h */; };
		6F22B7811435211B0097D505 /* OALAudioTrack.m in Sources */ = {isa = PBXBuildFile; fileRef = 6F22B7421435211B0097D505 /* OALAudioTrack.m */; };
		6F22B7821435211B0097D505 /* OALAudioTrackNotifications.h in Headers */ = {isa = PBXBuildFile; fileRef = 6F22B7431435211B0097D505 /* OALAudioTrackNotifications.h */; };
		6F22B7831435211B0097D505 /* OALAudioTrackNotifications.m in Sources */ = {isa = PBXBuildFile; fileRef = 6F22B7441435211B0097D505 /* OALAudioTrackNotifications.m */; };
		6F22B7841435211B0097D505 /* OALAudioTracks.h in Headers */ = {isa = PBXBuildFile; fileRef = 6F22B7451435211B0097D505 /* OALAudioTracks.h */; };
		6F22B7851435211B0097D505 /* OALAudioTracks.m in Sources */ = {isa = PBXBuildFile; fileRef = 6F22B7461435211B0097D505 /* OALAudioTracks.m */; };
		6F22B7861435211B0097D505 /* OALSimpleAudio.h in Headers */ = {isa = PBXBuildFile; fileRef = 6F22B7481435211B0097D505 /* OALSimpleAudio.h */; };
		6F22B7871435211B0097D505 /* OALSimpleAudio.m in Sources */ = {isa = PBXBuildFile; fileRef = 6F22B7491435211B0097D505 /* OALSimpleAudio.m */; };
		6F22B7881435211B0097D505 /* ObjectAL.h in Headers */ = {isa = PBXBuildFile; fileRef = 6F22B74A1435211B0097D505 /* ObjectAL.h */; };
		6F22B7891435211B0097D505 /* ObjectALConfig.h in Headers */ = {isa = PBXBuildFile; fileRef = 6F22B74B1435211B0097D505 /* ObjectALConfig.h */; };
		6F22B78A1435211B0097D505 /* ALBuffer.h in Headers */ = {isa = PBXBuildFile; fileRef = 6F22B74D1435211B0097D505 /* ALBuffer.h */; };
		6F22B78B1435211B0097D505 /* ALBuffer.m in Sources */ = {isa = PBXBuildFile; fileRef = 6F22B74E1435211B0097D505 /* ALBuffer.m */; };
		6F22B78C1435211B0097D505 /* ALCaptureDevice.h in Headers */ = {isa = PBXBuildFile; fileRef = 6F22B74F1435211B0097D505 /* ALCaptureDevice.h */; };
		6F22B78D1435211B0097D505 /* ALCaptureDevice.m in Sources */ = {isa = PBXBuildFile; fileRef = 6F22B7501435211B0097D505 /* ALCaptureDevice.m */; };
		6F22B78E1435211B0097D505 /* ALChannelSource.h in Headers */ = {isa = PBXBuildFile; fileRef = 6F22B7511435211B0097D505 /* ALChannelSource.h */; };
		6F22B78F1435211B0097D505 /* ALChannelSource.m in Sources */ = {isa = PBXBuildFile; fileRef = 6F22B7521435211B0097D505 /* ALChannelSource.m */; };
		6F22B7901435211B0097D505 /* ALContext.h in Headers */ = {isa = PBXBuildFile; fileRef = 6F22B7531435211B0097D505 /* ALContext.h */; };
		6F22B7911435211B0097D505 /* ALContext.m in Sources */ = {isa = PBXBuildFile; fileRef = 6F22B7541435211B0097D505 /* ALContext.m */; };
		6F22B7921435211B0097D505 /* ALDevice.h in Headers */ = {isa = PBXBuildFile; fileRef = 6F22B7551435211B0097D505 /* ALDevice.h */; };
		6F22B7931435211B0097D505 /* ALDevice.m in Sources */ = {isa = PBXBuildFile; fileRef = 6F22B7561435211B0097D505 /* ALDevice.m */; };
		6F22B7941435211B0097D505 /* ALListener.h in Headers */ = {isa = PBXBuildFile; fileRef = 6F22B7571435211B0097D505 /* ALListener.h */; };
		6F22B7951435211B0097D505 /* ALListener.m in Sources */ = {isa = PBXBuildFile; fileRef = 6F22B7581435211B0097D505 /* ALListener.m */; };
		6F22B7961435211B0097D505 /* ALSoundSource.h in Headers */ = {isa = PBXBuildFile; fileRef = 6F22B7591435211B0097D505 /* ALSoundSource.h */; };
		6F22B7971435211B0097D505 /* ALSoundSourcePool.h in Headers */ = {isa = PBXBuildFile; fileRef = 6F22B75A1435211B0097D505 /* ALSoundSourcePool.h */; };
		6F22B7981435211B0097D505 /* ALSoundSourcePool.m in Sources */ = {isa = PBXBuildFile; fileRef = 6F22B75B1435211B0097D505 /* ALSoundSourcePool.m */; };
		6F22B7991435211B0097D505 /* ALSource.h in Headers */ = {isa = PBXBuildFile; fileRef = 6F22B75C1435211B0097D505 /* ALSource.h */; };
		6F22B79A1435211B0097D505 /* ALSource.m in Sources */ = {isa = PBXBuildFile; fileRef = 6F22B75D1435211B0097D505 /* ALSource.m */; };
		6F22B79B1435211B0097D505 /* ALTypes.h in Headers */ = {isa = PBXBuildFile; fileRef = 6F22B75E1435211B0097D505 /* ALTypes.h */; };
		6F22B79C1435211B0097D505 /* ALWrapper.h in Headers */ = {isa = PBXBuildFile; fileRef = 6F22B75F1435211B0097D505 /* ALWrapper.h */; };
		6F22B79D1435211B0097D505 /* ALWrapper.m in Sources */ = {isa = PBXBuildFile; fileRef = 6F22B7601435211B0097D505 /* ALWrapper.m */; };
		6F22B79E1435211B0097D505 /* OpenALManager.h in Headers */ = {isa = PBXBuildFile; fileRef = 6F22B7611435211B0097D505 /* OpenALManager.h */; };
		6F22B79F1435211B0097D505 /* OpenALManager.m in Sources */ = {isa = PBXBuildFile; fileRef = 6F22B7621435211B0097D505 /* OpenALManager.m */; };
		6F22B7A01435211B0097D505 /* OALAudioSession.h in Headers */ = {isa = PBXBuildFile; fileRef = 6F22B7641435211B0097D505 /* OALAudioSession.h */; };
		6F22B7A11435211B0097D505 /* OALAudioSession.m in Sources */ = {isa = PBXBuildFile; fileRef = 6F22B7651435211B0097D505 /* OALAudioSession.m */; };
		6F22B7A21435211B0097D505 /* OALSuspendHandler.h in Headers */ = {isa = PBXBuildFile; fileRef = 6F22B7661435211B0097D505 /* OALSuspendHandler.h */; };
		6F22B7A31435211B0097D505 /* OALSuspendHandler.m in Sources */ = {isa = PBXBuildFile; fileRef = 6F22B7671435211B0097D505 /* OALSuspendHandler.m */; };
		6F22B7A41435211B0097D505 /* IOSVersion.h in Headers */ = {isa = PBXBuildFile; fileRef = 6F22B7691435211B0097D505 /* IOSVersion.h */; };
		6F22B7A51435211B0097D505 /* IOSVersion.m in Sources */ = {isa = PBXBuildFile; fileRef = 6F22B76A1435211B0097D505 /* IOSVersion.m */; };
		6F22B7A61435211B0097D505 /* mach_timing.c in Sources */ = {isa = PBXBuildFile; fileRef = 6F22B76B1435211B0097D505 /* mach_timing.c */; };
		6F22B7A71435211B0097D505 /* mach_timing.h in Headers */ = {isa = PBXBuildFile; fileRef = 6F22B76C1435211B0097D505 /* mach_timing.h */; };
		6F22B7A81435211B0097D505 /* NSMutableArray+WeakReferences.h in Headers */ = {isa = PBXBuildFile; fileRef = 6F22B76D1435211B0097D505 /* NSMutableArray+WeakReferences.h */; };
		6F22B7A91435211B0097D505 /* NSMutableArray+WeakReferences.m in Sources */ = {isa = PBXBuildFile; fileRef = 6F22B76E1435211B0097D505 /* NSMutableArray+WeakReferences.m */; };
		6F22B7AA1435211B0097D505 /* OALAudioFile.h in Headers */ = {isa = PBXBuildFile; fileRef = 6F22B76F1435211B0097D505 /* OALAudioFile.h */; };
		6F22B7AB1435211B0097D505 /* OALAudioFile.m in Sources */ = {isa = PBXBuildFile; fileRef = 6F22B7701435211B0097D505 /* OALAudioFile.m */; };
		6F22B7AC1435211B0097D505 /* OALNotifications.h in Headers */ = {isa = PBXBuildFile; fileRef = 6F22B7711435211B0097D505 /* OALNotifications.h */; };
		6F22B7AD1435211B0097D505 /* OALTools.h in Headers */ = {isa = PBXBuildFile; fileRef = 6F22B7721435211B0097D505 /* OALTools.h */; };
		6F22B7AE1435211B0097D505 /* OALTools.m in Sources */ = {isa = PBXBuildFile; fileRef = 6F22B7731435211B0097D505 /* OALTools.m */; };
		6F22B7AF1435211B0097D505 /* ObjectALMacros.h in Headers */ = {isa = PBXBuildFile; fileRef = 6F22B7741435211B0097D505 /* ObjectALMacros.h */; };
		6F22B7B01435211B0097D505 /* SynthesizeSingleton.h in Headers */ = {isa = PBXBuildFile; fileRef = 6F22B7751435211B0097D505 /* SynthesizeSingleton.h */; };
		6F22B7B614354F120097D505 /* ComSalsarhythmsoftwareZlsoundSampleProxy.h in Headers */ = {isa = PBXBuildFile; fileRef = 6F22B7B414354F120097D505 /* ComSalsarhythmsoftwareZlsoundSampleProxy.h */; };
		6F22B7B714354F120097D505 /* ComSalsarhythmsoftwareZlsoundSampleProxy.m in Sources */ = {isa = PBXBuildFile; fileRef = 6F22B7B514354F120097D505 /* ComSalsarhythmsoftwareZlsoundSampleProxy.m */; };
		6F87268F15099FE200C16FAA /* ComSalsarhythmsoftwareZlsoundReverbProxy.h in Headers */ = {isa = PBXBuildFile; fileRef = 6F87268D15099FE200C16FAA /* ComSalsarhythmsoftwareZlsoundReverbProxy.h */; };
		6F87269015099FE200C16FAA /* ComSalsarhythmsoftwareZlsoundReverbProxy.m in Sources */ = {isa = PBXBuildFile; fileRef = 6F87268E15099FE200C16FAA /* ComSalsarhythmsoftwareZlsoundReverbProxy.m */; };
		6F8726941509A4B200C16FAA /* app.js in Sources */ = {isa = PBXBuildFile; fileRef = 6F8726931509A4B200C16FAA /* app.js */; };
		AA747D9F0F9514B9006C5449 /* ComSalsarhythmsoftwareZlsound_Prefix.pch in Headers */ = {isa = PBXBuildFile; fileRef = AA747D9E0F9514B9006C5449 /* ComSalsarhythmsoftwareZlsound_Prefix.pch */; };
		AACBBE4A0F95108600F1A2B1 /* Foundation.framework in Frameworks */ = {isa = PBXBuildFile; fileRef = AACBBE490F95108600F1A2B1 /* Foundation.framework */; };
/* End PBXBuildFile section */

/* Begin PBXContainerItemProxy section */
		24416B8411C4CA280047AFDD /* PBXContainerItemProxy */ = {
			isa = PBXContainerItemProxy;
			containerPortal = 0867D690FE84028FC02AAC07 /* Project object */;
			proxyType = 1;
			remoteGlobalIDString = D2AAC07D0554694100DB518D;
			remoteInfo = zlsound;
		};
/* End PBXContainerItemProxy section */

/* Begin PBXFileReference section */
		24DD6CF71134B3F500162E58 /* ComSalsarhythmsoftwareZlsoundModule.h */ = {isa = PBXFileReference; fileEncoding = 4; lastKnownFileType = sourcecode.c.h; name = ComSalsarhythmsoftwareZlsoundModule.h; path = Classes/ComSalsarhythmsoftwareZlsoundModule.h; sourceTree = "<group>"; };
		24DD6CF81134B3F500162E58 /* ComSalsarhythmsoftwareZlsoundModule.m */ = {isa = PBXFileReference; fileEncoding = 4; lastKnownFileType = sourcecode.c.objc; name = ComSalsarhythmsoftwareZlsoundModule.m; path = Classes/ComSalsarhythmsoftwareZlsoundModule.m; sourceTree = "<group>"; };
		24DD6D1B1134B66800162E58 /* titanium.xcconfig */ = {isa = PBXFileReference; fileEncoding = 4; lastKnownFileType = text.xcconfig; path = titanium.xcconfig; sourceTree = "<group>"; };
		24DE9E0F11C5FE74003F90F6 /* ComSalsarhythmsoftwareZlsoundModuleAssets.h */ = {isa = PBXFileReference; fileEncoding = 4; lastKnownFileType = sourcecode.c.h; name = ComSalsarhythmsoftwareZlsoundModuleAssets.h; path = Classes/ComSalsarhythmsoftwareZlsoundModuleAssets.h; sourceTree = "<group>"; };
		24DE9E1011C5FE74003F90F6 /* ComSalsarhythmsoftwareZlsoundModuleAssets.m */ = {isa = PBXFileReference; fileEncoding = 4; lastKnownFileType = sourcecode.c.objc; name = ComSalsarhythmsoftwareZlsoundModuleAssets.m; path = Classes/ComSalsarhythmsoftwareZlsoundModuleAssets.m; sourceTree = "<group>"; };
		6F22B7361435211B0097D505 /* OALAction.h */ = {isa = PBXFileReference; fileEncoding = 4; lastKnownFileType = sourcecode.c.h; path = OALAction.h; sourceTree = "<group>"; };
		6F22B7371435211B0097D505 /* OALAction.m */ = {isa = PBXFileReference; fileEncoding = 4; lastKnownFileType = sourcecode.c.objc; path = OALAction.m; sourceTree = "<group>"; };
		6F22B7381435211B0097D505 /* OALActionManager.h */ = {isa = PBXFileReference; fileEncoding = 4; lastKnownFileType = sourcecode.c.h; path = OALActionManager.h; sourceTree = "<group>"; };
		6F22B7391435211B0097D505 /* OALActionManager.m */ = {isa = PBXFileReference; fileEncoding = 4; lastKnownFileType = sourcecode.c.objc; path = OALActionManager.m; sourceTree = "<group>"; };
		6F22B73A1435211B0097D505 /* OALAudioActions.h */ = {isa = PBXFileReference; fileEncoding = 4; lastKnownFileType = sourcecode.c.h; path = OALAudioActions.h; sourceTree = "<group>"; };
		6F22B73B1435211B0097D505 /* OALAudioActions.m */ = {isa = PBXFileReference; fileEncoding = 4; lastKnownFileType = sourcecode.c.objc; path = OALAudioActions.m; sourceTree = "<group>"; };
		6F22B73C1435211B0097D505 /* OALFunction.h */ = {isa = PBXFileReference; fileEncoding = 4; lastKnownFileType = sourcecode.c.h; path = OALFunction.h; sourceTree = "<group>"; };
		6F22B73D1435211B0097D505 /* OALFunction.m */ = {isa = PBXFileReference; fileEncoding = 4; lastKnownFileType = sourcecode.c.objc; path = OALFunction.m; sourceTree = "<group>"; };
		6F22B73E1435211B0097D505 /* OALUtilityActions.h */ = {isa = PBXFileReference; fileEncoding = 4; lastKnownFileType = sourcecode.c.h; path = OALUtilityActions.h; sourceTree = "<group>"; };
		6F22B73F1435211B0097D505 /* OALUtilityActions.m */ = {isa = PBXFileReference; fileEncoding = 4; lastKnownFileType = sourcecode.c.objc; path = OALUtilityActions.m; sourceTree = "<group>"; };
		6F22B7411435211B0097D505 /* OALAudioTrack.h */ = {isa = PBXFileReference; fileEncoding = 4; lastKnownFileType = sourcecode.c.h; path = OALAudioTrack.h; sourceTree = "<group>"; };
		6F22B7421435211B0097D505 /* OALAudioTrack.m */ = {isa = PBXFileReference; fileEncoding = 4; lastKnownFileType = sourcecode.c.objc; path = OALAudioTrack.m; sourceTree = "<group>"; };
		6F22B7431435211B0097D505 /* OALAudioTrackNotifications.h */ = {isa = PBXFileReference; fileEncoding = 4; lastKnownFileType = sourcecode.c.h; path = OALAudioTrackNotifications.h; sourceTree = "<group>"; };
		6F22B7441435211B0097D505 /* OALAudioTrackNotifications.m */ = {isa = PBXFileReference; fileEncoding = 4; lastKnownFileType = sourcecode.c.objc; path = OALAudioTrackNotifications.m; sourceTree = "<group>"; };
		6F22B7451435211B0097D505 /* OALAudioTracks.h */ = {isa = PBXFileReference; fileEncoding = 4; lastKnownFileType = sourcecode.c.h; path = OALAudioTracks.h; sourceTree = "<group>"; };
		6F22B7461435211B0097D505 /* OALAudioTracks.m */ = {isa = PBXFileReference; fileEncoding = 4; lastKnownFileType = sourcecode.c.objc; path = OALAudioTracks.m; sourceTree = "<group>"; };
		6F22B7471435211B0097D505 /* LICENSE.ObjectAL.txt */ = {isa = PBXFileReference; fileEncoding = 4; lastKnownFileType = text; path = LICENSE.ObjectAL.txt; sourceTree = "<group>"; };
		6F22B7481435211B0097D505 /* OALSimpleAudio.h */ = {isa = PBXFileReference; fileEncoding = 4; lastKnownFileType = sourcecode.c.h; path = OALSimpleAudio.h; sourceTree = "<group>"; };
		6F22B7491435211B0097D505 /* OALSimpleAudio.m */ = {isa = PBXFileReference; fileEncoding = 4; lastKnownFileType = sourcecode.c.objc; path = OALSimpleAudio.m; sourceTree = "<group>"; };
		6F22B74A1435211B0097D505 /* ObjectAL.h */ = {isa = PBXFileReference; fileEncoding = 4; lastKnownFileType = sourcecode.c.h; path = ObjectAL.h; sourceTree = "<group>"; };
		6F22B74B1435211B0097D505 /* ObjectALConfig.h */ = {isa = PBXFileReference; fileEncoding = 4; lastKnownFileType = sourcecode.c.h; path = ObjectALConfig.h; sourceTree = "<group>"; };
		6F22B74D1435211B0097D505 /* ALBuffer.h */ = {isa = PBXFileReference; fileEncoding = 4; lastKnownFileType = sourcecode.c.h; path = ALBuffer.h; sourceTree = "<group>"; };
		6F22B74E1435211B0097D505 /* ALBuffer.m */ = {isa = PBXFileReference; fileEncoding = 4; lastKnownFileType = sourcecode.c.objc; path = ALBuffer.m; sourceTree = "<group>"; };
		6F22B74F1435211B0097D505 /* ALCaptureDevice.h */ = {isa = PBXFileReference; fileEncoding = 4; lastKnownFileType = sourcecode.c.h; path = ALCaptureDevice.h; sourceTree = "<group>"; };
		6F22B7501435211B0097D505 /* ALCaptureDevice.m */ = {isa = PBXFileReference; fileEncoding = 4; lastKnownFileType = sourcecode.c.objc; path = ALCaptureDevice.m; sourceTree = "<group>"; };
		6F22B7511435211B0097D505 /* ALChannelSource.h */ = {isa = PBXFileReference; fileEncoding = 4; lastKnownFileType = sourcecode.c.h; path = ALChannelSource.h; sourceTree = "<group>"; };
		6F22B7521435211B0097D505 /* ALChannelSource.m */ = {isa = PBXFileReference; fileEncoding = 4; lastKnownFileType = sourcecode.c.objc; path = ALChannelSource.m; sourceTree = "<group>"; };
		6F22B7531435211B0097D505 /* ALContext.h */ = {isa = PBXFileReference; fileEncoding = 4; lastKnownFileType = sourcecode.c.h; path = ALContext.h; sourceTree = "<group>"; };
		6F22B7541435211B0097D505 /* ALContext.m */ = {isa = PBXFileReference; fileEncoding = 4; lastKnownFileType = sourcecode.c.objc; path = ALContext.m; sourceTree = "<group>"; };
		6F22B7551435211B0097D505 /* ALDevice.h */ = {isa = PBXFileReference; fileEncoding = 4; lastKnownFileType = sourcecode.c.h; path = ALDevice.h; sourceTree = "<group>"; };
		6F22B7561435211B0097D505 /* ALDevice.m */ = {isa = PBXFileReference; fileEncoding = 4; lastKnownFileType = sourcecode.c.objc; path = ALDevice.m; sourceTree = "<group>"; };
		6F22B7571435211B0097D505 /* ALListener.h */ = {isa = PBXFileReference; fileEncoding = 4; lastKnownFileType = sourcecode.c.h; path = ALListener.h; sourceTree = "<group>"; };
		6F22B7581435211B0097D505 /* ALListener.m */ = {isa = PBXFileReference; fileEncoding = 4; lastKnownFileType = sourcecode.c.objc; path = ALListener.m; sourceTree = "<group>"; };
		6F22B7591435211B0097D505 /* ALSoundSource.h */ = {isa = PBXFileReference; fileEncoding = 4; lastKnownFileType = sourcecode.c.h; path = ALSoundSource.h; sourceTree = "<group>"; };
		6F22B75A1435211B0097D505 /* ALSoundSourcePool.h */ = {isa = PBXFileReference; fileEncoding = 4; lastKnownFileType = sourcecode.c.h; path = ALSoundSourcePool.h; sourceTree = "<group>"; };
		6F22B75B1435211B0097D505 /* ALSoundSourcePool.m */ = {isa = PBXFileReference; fileEncoding = 4; lastKnownFileType = sourcecode.c.objc; path = ALSoundSourcePool.m; sourceTree = "<group>"; };
		6F22B75C1435211B0097D505 /* ALSource.h */ = {isa = PBXFileReference; fileEncoding = 4; lastKnownFileType = sourcecode.c.h; path = ALSource.h; sourceTree = "<group>"; };
		6F22B75D1435211B0097D505 /* ALSource.m */ = {isa = PBXFileReference; fileEncoding = 4; lastKnownFileType = sourcecode.c.objc; path = ALSource.m; sourceTree = "<group>"; };
		6F22B75E1435211B0097D505 /* ALTypes.h */ = {isa = PBXFileReference; fileEncoding = 4; lastKnownFileType = sourcecode.c.h; path = ALTypes.h; sourceTree = "<group>"; };
		6F22B75F1435211B0097D505 /* ALWrapper.h */ = {isa = PBXFileReference; fileEncoding = 4; lastKnownFileType = sourcecode.c.h; path = ALWrapper.h; sourceTree = "<group>"; };
		6F22B7601435211B0097D505 /* ALWrapper.m */ = {isa = PBXFileReference; fileEncoding = 4; lastKnownFileType = sourcecode.c.objc; path = ALWrapper.m; sourceTree = "<group>"; };
		6F22B7611435211B0097D505 /* OpenALManager.h */ = {isa = PBXFileReference; fileEncoding = 4; lastKnownFileType = sourcecode.c.h; path = OpenALManager.h; sourceTree = "<group>"; };
		6F22B7621435211B0097D505 /* OpenALManager.m */ = {isa = PBXFileReference; fileEncoding = 4; lastKnownFileType = sourcecode.c.objc; path = OpenALManager.m; sourceTree = "<group>"; };
		6F22B7641435211B0097D505 /* OALAudioSession.h */ = {isa = PBXFileReference; fileEncoding = 4; lastKnownFileType = sourcecode.c.h; path = OALAudioSession.h; sourceTree = "<group>"; };
		6F22B7651435211B0097D505 /* OALAudioSession.m */ = {isa = PBXFileReference; fileEncoding = 4; lastKnownFileType = sourcecode.c.objc; path = OALAudioSession.m; sourceTree = "<group>"; };
		6F22B7661435211B0097D505 /* OALSuspendHandler.h */ = {isa = PBXFileReference; fileEncoding = 4; lastKnownFileType = sourcecode.c.h; path = OALSuspendHandler.h; sourceTree = "<group>"; };
		6F22B7671435211B0097D505 /* OALSuspendHandler.m */ = {isa = PBXFileReference; fileEncoding = 4; lastKnownFileType = sourcecode.c.objc; path = OALSuspendHandler.m; sourceTree = "<group>"; };
		6F22B7691435211B0097D505 /* IOSVersion.h */ = {isa = PBXFileReference; fileEncoding = 4; lastKnownFileType = sourcecode.c.h; path = IOSVersion.h; sourceTree = "<group>"; };
		6F22B76A1435211B0097D505 /* IOSVersion.m */ = {isa = PBXFileReference; fileEncoding = 4; lastKnownFileType = sourcecode.c.objc; path = IOSVersion.m; sourceTree = "<group>"; };
		6F22B76B1435211B0097D505 /* mach_timing.c */ = {isa = PBXFileReference; fileEncoding = 4; lastKnownFileType = sourcecode.c.c; path = mach_timing.c; sourceTree = "<group>"; };
		6F22B76C1435211B0097D505 /* mach_timing.h */ = {isa = PBXFileReference; fileEncoding = 4; lastKnownFileType = sourcecode.c.h; path = mach_timing.h; sourceTree = "<group>"; };
		6F22B76D1435211B0097D505 /* NSMutableArray+WeakReferences.h */ = {isa = PBXFileReference; fileEncoding = 4; lastKnownFileType = sourcecode.c.h; path = "NSMutableArray+WeakReferences.h"; sourceTree = "<group>"; };
		6F22B76E1435211B0097D505 /* NSMutableArray+WeakReferences.m */ = {isa = PBXFileReference; fileEncoding = 4; lastKnownFileType = sourcecode.c.objc; path = "NSMutableArray+WeakReferences.m"; sourceTree = "<group>"; };
		6F22B76F1435211B0097D505 /* OALAudioFile.h */ = {isa = PBXFileReference; fileEncoding = 4; lastKnownFileType = sourcecode.c.h; path = OALAudioFile.h; sourceTree = "<group>"; };
		6F22B7701435211B0097D505 /* OALAudioFile.m */ = {isa = PBXFileReference; fileEncoding = 4; lastKnownFileType = sourcecode.c.objc; path = OALAudioFile.m; sourceTree = "<group>"; };
		6F22B7711435211B0097D505 /* OALNotifications.h */ = {isa = PBXFileReference; fileEncoding = 4; lastKnownFileType = sourcecode.c.h; path = OALNotifications.h; sourceTree = "<group>"; };
		6F22B7721435211B0097D505 /* OALTools.h */ = {isa = PBXFileReference; fileEncoding = 4; lastKnownFileType = sourcecode.c.h; path = OALTools.h; sourceTree = "<group>"; };
		6F22B7731435211B0097D505 /* OALTools.m */ = {isa = PBXFileReference; fileEncoding = 4; lastKnownFileType = sourcecode.c.objc; path = OALTools.m; sourceTree = "<group>"; };
		6F22B7741435211B0097D505 /* ObjectALMacros.h */ = {isa = PBXFileReference; fileEncoding = 4; lastKnownFileType = sourcecode.c.h; path = ObjectALMacros.h; sourceTree = "<group>"; };
		6F22B7751435211B0097D505 /* SynthesizeSingleton.h */ = {isa = PBXFileReference; fileEncoding = 4; lastKnownFileType = sourcecode.c.h; path = SynthesizeSingleton.h; sourceTree = "<group>"; };
		6F22B7B414354F120097D505 /* ComSalsarhythmsoftwareZlsoundSampleProxy.h */ = {isa = PBXFileReference; fileEncoding = 4; lastKnownFileType = sourcecode.c.h; name = ComSalsarhythmsoftwareZlsoundSampleProxy.h; path = Classes/ComSalsarhythmsoftwareZlsoundSampleProxy.h; sourceTree = "<group>"; };
		6F22B7B514354F120097D505 /* ComSalsarhythmsoftwareZlsoundSampleProxy.m */ = {isa = PBXFileReference; fileEncoding = 4; lastKnownFileType = sourcecode.c.objc; name = ComSalsarhythmsoftwareZlsoundSampleProxy.m; path = Classes/ComSalsarhythmsoftwareZlsoundSampleProxy.m; sourceTree = "<group>"; };
		6F87268D15099FE200C16FAA /* ComSalsarhythmsoftwareZlsoundReverbProxy.h */ = {isa = PBXFileReference; fileEncoding = 4; lastKnownFileType = sourcecode.c.h; name = ComSalsarhythmsoftwareZlsoundReverbProxy.h; path = Classes/ComSalsarhythmsoftwareZlsoundReverbProxy.h; sourceTree = "<group>"; };
		6F87268E15099FE200C16FAA /* ComSalsarhythmsoftwareZlsoundReverbProxy.m */ = {isa = PBXFileReference; fileEncoding = 4; lastKnownFileType = sourcecode.c.objc; name = ComSalsarhythmsoftwareZlsoundReverbProxy.m; path = Classes/ComSalsarhythmsoftwareZlsoundReverbProxy.m; sourceTree = "<group>"; };
		6F8726931509A4B200C16FAA /* app.js */ = {isa = PBXFileReference; fileEncoding = 4; lastKnownFileType = sourcecode.javascript; name = app.js; path = example/app.js; sourceTree = "<group>"; };
		AA747D9E0F9514B9006C5449 /* ComSalsarhythmsoftwareZlsound_Prefix.pch */ = {isa = PBXFileReference; fileEncoding = 4; lastKnownFileType = sourcecode.c.h; path = ComSalsarhythmsoftwareZlsound_Prefix.pch; sourceTree = SOURCE_ROOT; };
		AACBBE490F95108600F1A2B1 /* Foundation.framework */ = {isa = PBXFileReference; lastKnownFileType = wrapper.framework; name = Foundation.framework; path = System/Library/Frameworks/Foundation.framework; sourceTree = SDKROOT; };
		D2AAC07E0554694100DB518D /* libComSalsarhythmsoftwareZlsound.a */ = {isa = PBXFileReference; explicitFileType = archive.ar; includeInIndex = 0; path = libComSalsarhythmsoftwareZlsound.a; sourceTree = BUILT_PRODUCTS_DIR; };
/* End PBXFileReference section */

/* Begin PBXFrameworksBuildPhase section */
		D2AAC07C0554694100DB518D /* Frameworks */ = {
			isa = PBXFrameworksBuildPhase;
			buildActionMask = 2147483647;
			files = (
				AACBBE4A0F95108600F1A2B1 /* Foundation.framework in Frameworks */,
			);
			runOnlyForDeploymentPostprocessing = 0;
		};
/* End PBXFrameworksBuildPhase section */

/* Begin PBXGroup section */
		034768DFFF38A50411DB9C8B /* Products */ = {
			isa = PBXGroup;
			children = (
				D2AAC07E0554694100DB518D /* libComSalsarhythmsoftwareZlsound.a */,
			);
			name = Products;
			sourceTree = "<group>";
		};
		0867D691FE84028FC02AAC07 /* zlsound */ = {
			isa = PBXGroup;
			children = (
				6F8726921509A4A100C16FAA /* Demo App */,
				6F22B732143520FC0097D505 /* External Libs */,
				08FB77AEFE84172EC02AAC07 /* Classes */,
				32C88DFF0371C24200C91783 /* Other Sources */,
				0867D69AFE84028FC02AAC07 /* Frameworks */,
				034768DFFF38A50411DB9C8B /* Products */,
			);
			name = zlsound;
			sourceTree = "<group>";
		};
		0867D69AFE84028FC02AAC07 /* Frameworks */ = {
			isa = PBXGroup;
			children = (
				AACBBE490F95108600F1A2B1 /* Foundation.framework */,
			);
			name = Frameworks;
			sourceTree = "<group>";
		};
		08FB77AEFE84172EC02AAC07 /* Classes */ = {
			isa = PBXGroup;
			children = (
				24DE9E0F11C5FE74003F90F6 /* ComSalsarhythmsoftwareZlsoundModuleAssets.h */,
				24DE9E1011C5FE74003F90F6 /* ComSalsarhythmsoftwareZlsoundModuleAssets.m */,
				24DD6CF71134B3F500162E58 /* ComSalsarhythmsoftwareZlsoundModule.h */,
				24DD6CF81134B3F500162E58 /* ComSalsarhythmsoftwareZlsoundModule.m */,
				6F22B7B414354F120097D505 /* ComSalsarhythmsoftwareZlsoundSampleProxy.h */,
				6F22B7B514354F120097D505 /* ComSalsarhythmsoftwareZlsoundSampleProxy.m */,
				6F87268D15099FE200C16FAA /* ComSalsarhythmsoftwareZlsoundReverbProxy.h */,
				6F87268E15099FE200C16FAA /* ComSalsarhythmsoftwareZlsoundReverbProxy.m */,
			);
			name = Classes;
			sourceTree = "<group>";
		};
		32C88DFF0371C24200C91783 /* Other Sources */ = {
			isa = PBXGroup;
			children = (
				AA747D9E0F9514B9006C5449 /* ComSalsarhythmsoftwareZlsound_Prefix.pch */,
				24DD6D1B1134B66800162E58 /* titanium.xcconfig */,
			);
			name = "Other Sources";
			sourceTree = "<group>";
		};
		6F22B732143520FC0097D505 /* External Libs */ = {
			isa = PBXGroup;
			children = (
				6F22B7341435211B0097D505 /* ObjectAL */,
			);
			name = "External Libs";
			sourceTree = "<group>";
		};
		6F22B7341435211B0097D505 /* ObjectAL */ = {
			isa = PBXGroup;
			children = (
				6F22B7351435211B0097D505 /* Actions */,
				6F22B7401435211B0097D505 /* AudioTrack */,
				6F22B7471435211B0097D505 /* LICENSE.ObjectAL.txt */,
				6F22B7481435211B0097D505 /* OALSimpleAudio.h */,
				6F22B7491435211B0097D505 /* OALSimpleAudio.m */,
				6F22B74A1435211B0097D505 /* ObjectAL.h */,
				6F22B74B1435211B0097D505 /* ObjectALConfig.h */,
				6F22B74C1435211B0097D505 /* OpenAL */,
				6F22B7631435211B0097D505 /* Session */,
				6F22B7681435211B0097D505 /* Support */,
			);
			name = ObjectAL;
			path = libs/ObjectAL;
			sourceTree = "<group>";
		};
		6F22B7351435211B0097D505 /* Actions */ = {
			isa = PBXGroup;
			children = (
				6F22B7361435211B0097D505 /* OALAction.h */,
				6F22B7371435211B0097D505 /* OALAction.m */,
				6F22B7381435211B0097D505 /* OALActionManager.h */,
				6F22B7391435211B0097D505 /* OALActionManager.m */,
				6F22B73A1435211B0097D505 /* OALAudioActions.h */,
				6F22B73B1435211B0097D505 /* OALAudioActions.m */,
				6F22B73C1435211B0097D505 /* OALFunction.h */,
				6F22B73D1435211B0097D505 /* OALFunction.m */,
				6F22B73E1435211B0097D505 /* OALUtilityActions.h */,
				6F22B73F1435211B0097D505 /* OALUtilityActions.m */,
			);
			path = Actions;
			sourceTree = "<group>";
		};
		6F22B7401435211B0097D505 /* AudioTrack */ = {
			isa = PBXGroup;
			children = (
				6F22B7411435211B0097D505 /* OALAudioTrack.h */,
				6F22B7421435211B0097D505 /* OALAudioTrack.m */,
				6F22B7431435211B0097D505 /* OALAudioTrackNotifications.h */,
				6F22B7441435211B0097D505 /* OALAudioTrackNotifications.m */,
				6F22B7451435211B0097D505 /* OALAudioTracks.h */,
				6F22B7461435211B0097D505 /* OALAudioTracks.m */,
			);
			path = AudioTrack;
			sourceTree = "<group>";
		};
		6F22B74C1435211B0097D505 /* OpenAL */ = {
			isa = PBXGroup;
			children = (
				6F22B74D1435211B0097D505 /* ALBuffer.h */,
				6F22B74E1435211B0097D505 /* ALBuffer.m */,
				6F22B74F1435211B0097D505 /* ALCaptureDevice.h */,
				6F22B7501435211B0097D505 /* ALCaptureDevice.m */,
				6F22B7511435211B0097D505 /* ALChannelSource.h */,
				6F22B7521435211B0097D505 /* ALChannelSource.m */,
				6F22B7531435211B0097D505 /* ALContext.h */,
				6F22B7541435211B0097D505 /* ALContext.m */,
				6F22B7551435211B0097D505 /* ALDevice.h */,
				6F22B7561435211B0097D505 /* ALDevice.m */,
				6F22B7571435211B0097D505 /* ALListener.h */,
				6F22B7581435211B0097D505 /* ALListener.m */,
				6F22B7591435211B0097D505 /* ALSoundSource.h */,
				6F22B75A1435211B0097D505 /* ALSoundSourcePool.h */,
				6F22B75B1435211B0097D505 /* ALSoundSourcePool.m */,
				6F22B75C1435211B0097D505 /* ALSource.h */,
				6F22B75D1435211B0097D505 /* ALSource.m */,
				6F22B75E1435211B0097D505 /* ALTypes.h */,
				6F22B75F1435211B0097D505 /* ALWrapper.h */,
				6F22B7601435211B0097D505 /* ALWrapper.m */,
				6F22B7611435211B0097D505 /* OpenALManager.h */,
				6F22B7621435211B0097D505 /* OpenALManager.m */,
			);
			path = OpenAL;
			sourceTree = "<group>";
		};
		6F22B7631435211B0097D505 /* Session */ = {
			isa = PBXGroup;
			children = (
				6F22B7641435211B0097D505 /* OALAudioSession.h */,
				6F22B7651435211B0097D505 /* OALAudioSession.m */,
				6F22B7661435211B0097D505 /* OALSuspendHandler.h */,
				6F22B7671435211B0097D505 /* OALSuspendHandler.m */,
			);
			path = Session;
			sourceTree = "<group>";
		};
		6F22B7681435211B0097D505 /* Support */ = {
			isa = PBXGroup;
			children = (
				6F22B7691435211B0097D505 /* IOSVersion.h */,
				6F22B76A1435211B0097D505 /* IOSVersion.m */,
				6F22B76B1435211B0097D505 /* mach_timing.c */,
				6F22B76C1435211B0097D505 /* mach_timing.h */,
				6F22B76D1435211B0097D505 /* NSMutableArray+WeakReferences.h */,
				6F22B76E1435211B0097D505 /* NSMutableArray+WeakReferences.m */,
				6F22B76F1435211B0097D505 /* OALAudioFile.h */,
				6F22B7701435211B0097D505 /* OALAudioFile.m */,
				6F22B7711435211B0097D505 /* OALNotifications.h */,
				6F22B7721435211B0097D505 /* OALTools.h */,
				6F22B7731435211B0097D505 /* OALTools.m */,
				6F22B7741435211B0097D505 /* ObjectALMacros.h */,
				6F22B7751435211B0097D505 /* SynthesizeSingleton.h */,
			);
			path = Support;
			sourceTree = "<group>";
		};
		6F8726921509A4A100C16FAA /* Demo App */ = {
			isa = PBXGroup;
			children = (
				6F8726931509A4B200C16FAA /* app.js */,
			);
			name = "Demo App";
			sourceTree = "<group>";
		};
/* End PBXGroup section */

/* Begin PBXHeadersBuildPhase section */
		D2AAC07A0554694100DB518D /* Headers */ = {
			isa = PBXHeadersBuildPhase;
			buildActionMask = 2147483647;
			files = (
				AA747D9F0F9514B9006C5449 /* ComSalsarhythmsoftwareZlsound_Prefix.pch in Headers */,
				24DD6CF91134B3F500162E58 /* ComSalsarhythmsoftwareZlsoundModule.h in Headers */,
				24DE9E1111C5FE74003F90F6 /* ComSalsarhythmsoftwareZlsoundModuleAssets.h in Headers */,
				6F22B7761435211B0097D505 /* OALAction.h in Headers */,
				6F22B7781435211B0097D505 /* OALActionManager.h in Headers */,
				6F22B77A1435211B0097D505 /* OALAudioActions.h in Headers */,
				6F22B77C1435211B0097D505 /* OALFunction.h in Headers */,
				6F22B77E1435211B0097D505 /* OALUtilityActions.h in Headers */,
				6F22B7801435211B0097D505 /* OALAudioTrack.h in Headers */,
				6F22B7821435211B0097D505 /* OALAudioTrackNotifications.h in Headers */,
				6F22B7841435211B0097D505 /* OALAudioTracks.h in Headers */,
				6F22B7861435211B0097D505 /* OALSimpleAudio.h in Headers */,
				6F22B7881435211B0097D505 /* ObjectAL.h in Headers */,
				6F22B7891435211B0097D505 /* ObjectALConfig.h in Headers */,
				6F22B78A1435211B0097D505 /* ALBuffer.h in Headers */,
				6F22B78C1435211B0097D505 /* ALCaptureDevice.h in Headers */,
				6F22B78E1435211B0097D505 /* ALChannelSource.h in Headers */,
				6F22B7901435211B0097D505 /* ALContext.h in Headers */,
				6F22B7921435211B0097D505 /* ALDevice.h in Headers */,
				6F22B7941435211B0097D505 /* ALListener.h in Headers */,
				6F22B7961435211B0097D505 /* ALSoundSource.h in Headers */,
				6F22B7971435211B0097D505 /* ALSoundSourcePool.h in Headers */,
				6F22B7991435211B0097D505 /* ALSource.h in Headers */,
				6F22B79B1435211B0097D505 /* ALTypes.h in Headers */,
				6F22B79C1435211B0097D505 /* ALWrapper.h in Headers */,
				6F22B79E1435211B0097D505 /* OpenALManager.h in Headers */,
				6F22B7A01435211B0097D505 /* OALAudioSession.h in Headers */,
				6F22B7A21435211B0097D505 /* OALSuspendHandler.h in Headers */,
				6F22B7A41435211B0097D505 /* IOSVersion.h in Headers */,
				6F22B7A71435211B0097D505 /* mach_timing.h in Headers */,
				6F22B7A81435211B0097D505 /* NSMutableArray+WeakReferences.h in Headers */,
				6F22B7AA1435211B0097D505 /* OALAudioFile.h in Headers */,
				6F22B7AC1435211B0097D505 /* OALNotifications.h in Headers */,
				6F22B7AD1435211B0097D505 /* OALTools.h in Headers */,
				6F22B7AF1435211B0097D505 /* ObjectALMacros.h in Headers */,
				6F22B7B01435211B0097D505 /* SynthesizeSingleton.h in Headers */,
				6F22B7B614354F120097D505 /* ComSalsarhythmsoftwareZlsoundSampleProxy.h in Headers */,
				6F87268F15099FE200C16FAA /* ComSalsarhythmsoftwareZlsoundReverbProxy.h in Headers */,
			);
			runOnlyForDeploymentPostprocessing = 0;
		};
/* End PBXHeadersBuildPhase section */

/* Begin PBXNativeTarget section */
		D2AAC07D0554694100DB518D /* zlsound */ = {
			isa = PBXNativeTarget;
			buildConfigurationList = 1DEB921E08733DC00010E9CD /* Build configuration list for PBXNativeTarget "zlsound" */;
			buildPhases = (
				D2AAC07A0554694100DB518D /* Headers */,
				D2AAC07B0554694100DB518D /* Sources */,
				D2AAC07C0554694100DB518D /* Frameworks */,
			);
			buildRules = (
			);
			dependencies = (
			);
			name = zlsound;
			productName = zlsound;
			productReference = D2AAC07E0554694100DB518D /* libComSalsarhythmsoftwareZlsound.a */;
			productType = "com.apple.product-type.library.static";
		};
/* End PBXNativeTarget section */

/* Begin PBXProject section */
		0867D690FE84028FC02AAC07 /* Project object */ = {
			isa = PBXProject;
			buildConfigurationList = 1DEB922208733DC00010E9CD /* Build configuration list for PBXProject "zlsound" */;
			compatibilityVersion = "Xcode 3.1";
			developmentRegion = English;
			hasScannedForEncodings = 1;
			knownRegions = (
				English,
				Japanese,
				French,
				German,
			);
			mainGroup = 0867D691FE84028FC02AAC07 /* zlsound */;
			productRefGroup = 034768DFFF38A50411DB9C8B /* Products */;
			projectDirPath = "";
			projectRoot = "";
			targets = (
				D2AAC07D0554694100DB518D /* zlsound */,
				24416B8111C4CA220047AFDD /* Build & Test */,
			);
		};
/* End PBXProject section */

/* Begin PBXShellScriptBuildPhase section */
		24416B8011C4CA220047AFDD /* ShellScript */ = {
			isa = PBXShellScriptBuildPhase;
			buildActionMask = 2147483647;
			files = (
			);
			inputPaths = (
			);
			outputPaths = (
			);
			runOnlyForDeploymentPostprocessing = 0;
			shellPath = /bin/sh;
			shellScript = "# shell script goes here\n\npython \"${TITANIUM_SDK}/titanium.py\" run --dir=\"${PROJECT_DIR}\"\nexit $?\n";
		};
/* End PBXShellScriptBuildPhase section */

/* Begin PBXSourcesBuildPhase section */
		D2AAC07B0554694100DB518D /* Sources */ = {
			isa = PBXSourcesBuildPhase;
			buildActionMask = 2147483647;
			files = (
				24DD6CFA1134B3F500162E58 /* ComSalsarhythmsoftwareZlsoundModule.m in Sources */,
				24DE9E1211C5FE74003F90F6 /* ComSalsarhythmsoftwareZlsoundModuleAssets.m in Sources */,
				6F22B7771435211B0097D505 /* OALAction.m in Sources */,
				6F22B7791435211B0097D505 /* OALActionManager.m in Sources */,
				6F22B77B1435211B0097D505 /* OALAudioActions.m in Sources */,
				6F22B77D1435211B0097D505 /* OALFunction.m in Sources */,
				6F22B77F1435211B0097D505 /* OALUtilityActions.m in Sources */,
				6F22B7811435211B0097D505 /* OALAudioTrack.m in Sources */,
				6F22B7831435211B0097D505 /* OALAudioTrackNotifications.m in Sources */,
				6F22B7851435211B0097D505 /* OALAudioTracks.m in Sources */,
				6F22B7871435211B0097D505 /* OALSimpleAudio.m in Sources */,
				6F22B78B1435211B0097D505 /* ALBuffer.m in Sources */,
				6F22B78D1435211B0097D505 /* ALCaptureDevice.m in Sources */,
				6F22B78F1435211B0097D505 /* ALChannelSource.m in Sources */,
				6F22B7911435211B0097D505 /* ALContext.m in Sources */,
				6F22B7931435211B0097D505 /* ALDevice.m in Sources */,
				6F22B7951435211B0097D505 /* ALListener.m in Sources */,
				6F22B7981435211B0097D505 /* ALSoundSourcePool.m in Sources */,
				6F22B79A1435211B0097D505 /* ALSource.m in Sources */,
				6F22B79D1435211B0097D505 /* ALWrapper.m in Sources */,
				6F22B79F1435211B0097D505 /* OpenALManager.m in Sources */,
				6F22B7A11435211B0097D505 /* OALAudioSession.m in Sources */,
				6F22B7A31435211B0097D505 /* OALSuspendHandler.m in Sources */,
				6F22B7A51435211B0097D505 /* IOSVersion.m in Sources */,
				6F22B7A61435211B0097D505 /* mach_timing.c in Sources */,
				6F22B7A91435211B0097D505 /* NSMutableArray+WeakReferences.m in Sources */,
				6F22B7AB1435211B0097D505 /* OALAudioFile.m in Sources */,
				6F22B7AE1435211B0097D505 /* OALTools.m in Sources */,
				6F22B7B714354F120097D505 /* ComSalsarhythmsoftwareZlsoundSampleProxy.m in Sources */,
				6F87269015099FE200C16FAA /* ComSalsarhythmsoftwareZlsoundReverbProxy.m in Sources */,
				6F8726941509A4B200C16FAA /* app.js in Sources */,
			);
			runOnlyForDeploymentPostprocessing = 0;
		};
/* End PBXSourcesBuildPhase section */

/* Begin PBXTargetDependency section */
		24416B8511C4CA280047AFDD /* PBXTargetDependency */ = {
			isa = PBXTargetDependency;
			target = D2AAC07D0554694100DB518D /* zlsound */;
			targetProxy = 24416B8411C4CA280047AFDD /* PBXContainerItemProxy */;
		};
/* End PBXTargetDependency section */

/* Begin XCBuildConfiguration section */
		1DEB921F08733DC00010E9CD /* Debug */ = {
			isa = XCBuildConfiguration;
			baseConfigurationReference = 24DD6D1B1134B66800162E58 /* titanium.xcconfig */;
			buildSettings = {
				ALWAYS_SEARCH_USER_PATHS = NO;
				ARCHS = "$(ARCHS_STANDARD_32_BIT)";
				COPY_PHASE_STRIP = NO;
				DSTROOT = /tmp/ComSalsarhythmsoftwareZlsound.dst;
				GCC_DYNAMIC_NO_PIC = NO;
				GCC_ENABLE_FIX_AND_CONTINUE = YES;
				GCC_MODEL_TUNING = G5;
				GCC_OPTIMIZATION_LEVEL = 0;
				GCC_PRECOMPILE_PREFIX_HEADER = YES;
				GCC_PREFIX_HEADER = ComSalsarhythmsoftwareZlsound_Prefix.pch;
				INSTALL_PATH = /usr/local/lib;
				IPHONEOS_DEPLOYMENT_TARGET = 4.3;
				PRODUCT_NAME = ComSalsarhythmsoftwareZlsound;
				SDKROOT = iphoneos;
			};
			name = Debug;
		};
		1DEB922008733DC00010E9CD /* Release */ = {
			isa = XCBuildConfiguration;
			baseConfigurationReference = 24DD6D1B1134B66800162E58 /* titanium.xcconfig */;
			buildSettings = {
				ALWAYS_SEARCH_USER_PATHS = NO;
				ARCHS = "$(ARCHS_STANDARD_32_BIT)";
				DSTROOT = /tmp/ComSalsarhythmsoftwareZlsound.dst;
				GCC_MODEL_TUNING = G5;
				GCC_PRECOMPILE_PREFIX_HEADER = YES;
				GCC_PREFIX_HEADER = ComSalsarhythmsoftwareZlsound_Prefix.pch;
				INSTALL_PATH = /usr/local/lib;
				IPHONEOS_DEPLOYMENT_TARGET = 4.3;
				PRODUCT_NAME = ComSalsarhythmsoftwareZlsound;
				SDKROOT = iphoneos;
			};
			name = Release;
		};
		1DEB922308733DC00010E9CD /* Debug */ = {
			isa = XCBuildConfiguration;
			baseConfigurationReference = 24DD6D1B1134B66800162E58 /* titanium.xcconfig */;
			buildSettings = {
				ARCHS = "$(ARCHS_STANDARD_32_BIT)";
				GCC_C_LANGUAGE_STANDARD = c99;
				GCC_OPTIMIZATION_LEVEL = 0;
				GCC_WARN_ABOUT_RETURN_TYPE = YES;
				GCC_WARN_UNUSED_VARIABLE = YES;
				OTHER_LDFLAGS = "";
				PREBINDING = NO;
				SDKROOT = iphoneos4.0;
			};
			name = Debug;
		};
		1DEB922408733DC00010E9CD /* Release */ = {
			isa = XCBuildConfiguration;
			baseConfigurationReference = 24DD6D1B1134B66800162E58 /* titanium.xcconfig */;
			buildSettings = {
				ARCHS = "$(ARCHS_STANDARD_32_BIT)";
				GCC_C_LANGUAGE_STANDARD = c99;
				GCC_WARN_ABOUT_RETURN_TYPE = YES;
				GCC_WARN_UNUSED_VARIABLE = YES;
				OTHER_LDFLAGS = "";
				PREBINDING = NO;
				SDKROOT = iphoneos4.0;
			};
			name = Release;
		};
		24416B8211C4CA220047AFDD /* Debug */ = {
			isa = XCBuildConfiguration;
			baseConfigurationReference = 24DD6D1B1134B66800162E58 /* titanium.xcconfig */;
			buildSettings = {
				COPY_PHASE_STRIP = NO;
				GCC_DYNAMIC_NO_PIC = NO;
				GCC_OPTIMIZATION_LEVEL = 0;
				PRODUCT_NAME = "Build & test";
			};
			name = Debug;
		};
		24416B8311C4CA220047AFDD /* Release */ = {
			isa = XCBuildConfiguration;
			baseConfigurationReference = 24DD6D1B1134B66800162E58 /* titanium.xcconfig */;
			buildSettings = {
				COPY_PHASE_STRIP = YES;
				DEBUG_INFORMATION_FORMAT = "dwarf-with-dsym";
				GCC_ENABLE_FIX_AND_CONTINUE = NO;
				PRODUCT_NAME = "Build & test";
				ZERO_LINK = NO;
			};
			name = Release;
		};
/* End XCBuildConfiguration section */

/* Begin XCConfigurationList section */
		1DEB921E08733DC00010E9CD /* Build configuration list for PBXNativeTarget "zlsound" */ = {
			isa = XCConfigurationList;
			buildConfigurations = (
				1DEB921F08733DC00010E9CD /* Debug */,
				1DEB922008733DC00010E9CD /* Release */,
			);
			defaultConfigurationIsVisible = 0;
			defaultConfigurationName = Release;
		};
		1DEB922208733DC00010E9CD /* Build configuration list for PBXProject "zlsound" */ = {
			isa = XCConfigurationList;
			buildConfigurations = (
				1DEB922308733DC00010E9CD /* Debug */,
				1DEB922408733DC00010E9CD /* Release */,
			);
			defaultConfigurationIsVisible = 0;
			defaultConfigurationName = Release;
		};
		24416B8A11C4CA520047AFDD /* Build configuration list for PBXAggregateTarget "Build & Test" */ = {
			isa = XCConfigurationList;
			buildConfigurations = (
				24416B8211C4CA220047AFDD /* Debug */,
				24416B8311C4CA220047AFDD /* Release */,
			);
			defaultConfigurationIsVisible = 0;
			defaultConfigurationName = Release;
		};
/* End XCConfigurationList section */
	};
	rootObject = 0867D690FE84028FC02AAC07 /* Project object */;
}
